
Microsoft Visual Studio Solution File, Format Version 12.00
# Visual Studio Version 17
VisualStudioVersion = 17.14.36310.24 d17.14
MinimumVisualStudioVersion = 10.0.40219.1
Project("{FAE04EC0-301F-11D3-BF4B-00C04F79EFBC}") = "lavamart", "lavamart\lavamart.csproj", "{2B1F4B2D-BE6D-4014-BC27-024225ED5CF6}"
EndProject
Global
	GlobalSection(SolutionConfigurationPlatforms) = preSolution
		Debug|Any CPU = Debug|Any CPU
		Release|Any CPU = Release|Any CPU
	EndGlobalSection
	GlobalSection(ProjectConfigurationPlatforms) = postSolution
		{2B1F4B2D-BE6D-4014-BC27-024225ED5CF6}.Debug|Any CPU.ActiveCfg = Debug|Any CPU
		{2B1F4B2D-BE6D-4014-BC27-024225ED5CF6}.Debug|Any CPU.Build.0 = Debug|Any CPU
		{2B1F4B2D-BE6D-4014-BC27-024225ED5CF6}.Release|Any CPU.ActiveCfg = Release|Any CPU
		{2B1F4B2D-BE6D-4014-BC27-024225ED5CF6}.Release|Any CPU.Build.0 = Release|Any CPU
	EndGlobalSection
	GlobalSection(SolutionProperties) = preSolution
		HideSolutionNode = FALSE
	EndGlobalSection
	GlobalSection(ExtensibilityGlobals) = postSolution
		SolutionGuid = {3A4EA4E6-4BF2-40E1-A065-9BE751F134B8}
	EndGlobalSection
EndGlobal
